// !$*UTF8*$!
{
	archiveVersion = 1;
	classes = {
	};
	objectVersion = 76;
	objects = {

/* Begin PBXBuildFile section */
		9514279D2D4CBF5B00671F2C /* DGCharts in Frameworks */ = {isa = PBXBuildFile; productRef = 9514279C2D4CBF5B00671F2C /* DGCharts */; };
		95B161EE2C40DA0900A1B4A6 /* GoogleService-Info.plist in Resources */ = {isa = PBXBuildFile; fileRef = 95B161ED2C40DA0900A1B4A6 /* GoogleService-Info.plist */; };
		95B1620C2C65D2AF00A1B4A6 /* MentalHealthResources.bundle in Resources */ = {isa = PBXBuildFile; fileRef = 95B162032C65D14900A1B4A6 /* MentalHealthResources.bundle */; platformFilter = ios; };
		95B1CEF52B6F97DB00101423 /* IQKeyboardManagerSwift in Frameworks */ = {isa = PBXBuildFile; productRef = 95B1CEF42B6F97DB00101423 /* IQKeyboardManagerSwift */; };
		95B1CEFD2B6FD87600101423 /* FirebaseAuth in Frameworks */ = {isa = PBXBuildFile; productRef = 95B1CEFC2B6FD87600101423 /* FirebaseAuth */; };
		95B1CEFF2B6FD87600101423 /* FirebaseDatabase in Frameworks */ = {isa = PBXBuildFile; productRef = 95B1CEFE2B6FD87600101423 /* FirebaseDatabase */; };
		95B1CF012B6FD87600101423 /* FirebaseFirestore in Frameworks */ = {isa = PBXBuildFile; productRef = 95B1CF002B6FD87600101423 /* FirebaseFirestore */; };
		95B1CF032B6FD87700101423 /* FirebaseStorage in Frameworks */ = {isa = PBXBuildFile; productRef = 95B1CF022B6FD87700101423 /* FirebaseStorage */; };
		95CF04CA2DB8B7520092650C /* FirebaseAnalytics in Frameworks */ = {isa = PBXBuildFile; productRef = 95CF04C92DB8B7520092650C /* FirebaseAnalytics */; };
		95CF06E82DDAEB850092650C /* Lottie in Frameworks */ = {isa = PBXBuildFile; productRef = 95CF06E72DDAEB850092650C /* Lottie */; };
		95CF0A1F2DF1DAC20092650C /* FirebaseAuth in Frameworks */ = {isa = PBXBuildFile; productRef = 95CF0A1E2DF1DAC20092650C /* FirebaseAuth */; };
		95D293A72BCE347100017E03 /* SwiftEntryKit in Frameworks */ = {isa = PBXBuildFile; productRef = 95D293A62BCE347100017E03 /* SwiftEntryKit */; };
/* End PBXBuildFile section */

/* Begin PBXContainerItemProxy section */
		953B292D2E8B9B8A00170733 /* PBXContainerItemProxy */ = {
			isa = PBXContainerItemProxy;
			containerPortal = 953A64E12B6EDFA000651684 /* Project object */;
			proxyType = 1;
			remoteGlobalIDString = 953A64E82B6EDFA000651684;
			remoteInfo = MentalHealth;
		};
		95B162082C65D18900A1B4A6 /* PBXContainerItemProxy */ = {
			isa = PBXContainerItemProxy;
			containerPortal = 953A64E12B6EDFA000651684 /* Project object */;
			proxyType = 1;
			remoteGlobalIDString = 95B162022C65D14900A1B4A6;
			remoteInfo = MentalHealthBundle;
		};
/* End PBXContainerItemProxy section */

/* Begin PBXFileReference section */
		953A64E92B6EDFA000651684 /* MentalHealth.app */ = {isa = PBXFileReference; explicitFileType = wrapper.application; includeInIndex = 0; path = MentalHealth.app; sourceTree = BUILT_PRODUCTS_DIR; };
		953A64FA2B6EDFA200651684 /* Info.plist */ = {isa = PBXFileReference; lastKnownFileType = text.plist.xml; path = Info.plist; sourceTree = "<group>"; };
		954A493A2D9F647F00AEF6F8 /* MentalHealthTest.xctest */ = {isa = PBXFileReference; explicitFileType = wrapper.cfbundle; includeInIndex = 0; path = MentalHealthTest.xctest; sourceTree = BUILT_PRODUCTS_DIR; };
		954A4A422DAB9E9E00AEF6F8 /* Security.framework */ = {isa = PBXFileReference; lastKnownFileType = wrapper.framework; name = Security.framework; path = System/Library/Frameworks/Security.framework; sourceTree = SDKROOT; };
		955D0D472BF96FB5007629C9 /* MentalHealth.entitlements */ = {isa = PBXFileReference; lastKnownFileType = text.plist.entitlements; path = MentalHealth.entitlements; sourceTree = "<group>"; };
		95B161ED2C40DA0900A1B4A6 /* GoogleService-Info.plist */ = {isa = PBXFileReference; fileEncoding = 4; lastKnownFileType = text.plist.xml; path = "GoogleService-Info.plist"; sourceTree = "<group>"; };
		95B162032C65D14900A1B4A6 /* MentalHealthResources.bundle */ = {isa = PBXFileReference; explicitFileType = wrapper.cfbundle; includeInIndex = 0; path = MentalHealthResources.bundle; sourceTree = BUILT_PRODUCTS_DIR; };
		95CF0A202DF1DB200092650C /* MentalHealthTest.xctestplan */ = {isa = PBXFileReference; lastKnownFileType = text; name = MentalHealthTest.xctestplan; path = MentalHealthTest/MentalHealthTest.xctestplan; sourceTree = "<group>"; };
/* End PBXFileReference section */

/* Begin PBXFileSystemSynchronizedBuildFileExceptionSet section */
		954A42642D87F48F00AEF6F8 /* PBXFileSystemSynchronizedBuildFileExceptionSet */ = {
			isa = PBXFileSystemSynchronizedBuildFileExceptionSet;
			membershipExceptions = (
				Assets.xcassets,
			);
			target = 95B162022C65D14900A1B4A6 /* MentalHealthResources */;
		};
		954A42D62D87F51700AEF6F8 /* PBXFileSystemSynchronizedBuildFileExceptionSet */ = {
			isa = PBXFileSystemSynchronizedBuildFileExceptionSet;
			membershipExceptions = (
				/Localized/Localization/Localizable.strings,
			);
			target = 953A64E82B6EDFA000651684 /* MentalHealth */;
		};
		954A42D72D87F51700AEF6F8 /* PBXFileSystemSynchronizedBuildFileExceptionSet */ = {
			isa = PBXFileSystemSynchronizedBuildFileExceptionSet;
			membershipExceptions = (
				/Localized/Localization/Localizable.strings,
			);
			target = 95B162022C65D14900A1B4A6 /* MentalHealthResources */;
		};
		954A43602D87F53000AEF6F8 /* PBXFileSystemSynchronizedBuildFileExceptionSet */ = {
			isa = PBXFileSystemSynchronizedBuildFileExceptionSet;
			membershipExceptions = (
				Home/Section/FeatureSection/MeditationSection/meditation_sound.mp3,
				Home/Section/FeatureSection/MeditationSection/meditation.json,
				Home/Section/FeatureSection/QuoteSection/InspiringQuote_en.json,
				Home/Section/FeatureSection/QuoteSection/InspiringQuote_ko.json,
			);
			target = 95B162022C65D14900A1B4A6 /* MentalHealthResources */;
		};
		95CF06E52DDAEB020092650C /* PBXFileSystemSynchronizedBuildFileExceptionSet */ = {
			isa = PBXFileSystemSynchronizedBuildFileExceptionSet;
			membershipExceptions = (
				Home/Section/FeatureSection/MeditationSection/meditation_sound.mp3,
				Home/Section/FeatureSection/MeditationSection/meditation.json,
			);
			target = 953A64E82B6EDFA000651684 /* MentalHealth */;
		};
/* End PBXFileSystemSynchronizedBuildFileExceptionSet section */

/* Begin PBXFileSystemSynchronizedRootGroup section */
		954A42482D87F47700AEF6F8 /* InfoPlists */ = {isa = PBXFileSystemSynchronizedRootGroup; explicitFileTypes = {}; explicitFolders = (); path = InfoPlists; sourceTree = "<group>"; };
		954A424B2D87F47B00AEF6F8 /* Common */ = {isa = PBXFileSystemSynchronizedRootGroup; explicitFileTypes = {}; explicitFolders = (); path = Common; sourceTree = "<group>"; };
		954A425D2D87F48F00AEF6F8 /* Assets */ = {isa = PBXFileSystemSynchronizedRootGroup; exceptions = (954A42642D87F48F00AEF6F8 /* PBXFileSystemSynchronizedBuildFileExceptionSet */, ); explicitFileTypes = {}; explicitFolders = (); path = Assets; sourceTree = "<group>"; };
		954A42652D87F49B00AEF6F8 /* StoryBoards */ = {isa = PBXFileSystemSynchronizedRootGroup; explicitFileTypes = {}; explicitFolders = (); path = StoryBoards; sourceTree = "<group>"; };
		954A427B2D87F4FF00AEF6F8 /* Extension */ = {isa = PBXFileSystemSynchronizedRootGroup; explicitFileTypes = {}; explicitFolders = (); path = Extension; sourceTree = "<group>"; };
		954A42942D87F50500AEF6F8 /* DesignLibrary */ = {isa = PBXFileSystemSynchronizedRootGroup; explicitFileTypes = {}; explicitFolders = (); path = DesignLibrary; sourceTree = "<group>"; };
		954A42C72D87F51700AEF6F8 /* Platform */ = {isa = PBXFileSystemSynchronizedRootGroup; exceptions = (954A42D62D87F51700AEF6F8 /* PBXFileSystemSynchronizedBuildFileExceptionSet */, 954A42D72D87F51700AEF6F8 /* PBXFileSystemSynchronizedBuildFileExceptionSet */, ); explicitFileTypes = {}; explicitFolders = (); path = Platform; sourceTree = "<group>"; };
		954A42DA2D87F52F00AEF6F8 /* Modules */ = {isa = PBXFileSystemSynchronizedRootGroup; exceptions = (95CF06E52DDAEB020092650C /* PBXFileSystemSynchronizedBuildFileExceptionSet */, 954A43602D87F53000AEF6F8 /* PBXFileSystemSynchronizedBuildFileExceptionSet */, ); explicitFileTypes = {}; explicitFolders = (); path = Modules; sourceTree = "<group>"; };
		954A493B2D9F647F00AEF6F8 /* MentalHealthTest */ = {isa = PBXFileSystemSynchronizedRootGroup; explicitFileTypes = {}; explicitFolders = (); path = MentalHealthTest; sourceTree = "<group>"; };
/* End PBXFileSystemSynchronizedRootGroup section */

/* Begin PBXFrameworksBuildPhase section */
		953A64E62B6EDFA000651684 /* Frameworks */ = {
			isa = PBXFrameworksBuildPhase;
			buildActionMask = 2147483647;
			files = (
				95B1CEFF2B6FD87600101423 /* FirebaseDatabase in Frameworks */,
				95D293A72BCE347100017E03 /* SwiftEntryKit in Frameworks */,
				95CF06E82DDAEB850092650C /* Lottie in Frameworks */,
				95B1CEF52B6F97DB00101423 /* IQKeyboardManagerSwift in Frameworks */,
				95B1CF032B6FD87700101423 /* FirebaseStorage in Frameworks */,
				95B1CEFD2B6FD87600101423 /* FirebaseAuth in Frameworks */,
				9514279D2D4CBF5B00671F2C /* DGCharts in Frameworks */,
				95B1CF012B6FD87600101423 /* FirebaseFirestore in Frameworks */,
				95CF04CA2DB8B7520092650C /* FirebaseAnalytics in Frameworks */,
			);
			runOnlyForDeploymentPostprocessing = 0;
		};
		954A49372D9F647F00AEF6F8 /* Frameworks */ = {
			isa = PBXFrameworksBuildPhase;
			buildActionMask = 2147483647;
			files = (
				95CF0A1F2DF1DAC20092650C /* FirebaseAuth in Frameworks */,
			);
			runOnlyForDeploymentPostprocessing = 0;
		};
		95B162002C65D14900A1B4A6 /* Frameworks */ = {
			isa = PBXFrameworksBuildPhase;
			buildActionMask = 2147483647;
			files = (
			);
			runOnlyForDeploymentPostprocessing = 0;
		};
/* End PBXFrameworksBuildPhase section */

/* Begin PBXGroup section */
		953A64E02B6EDFA000651684 = {
			isa = PBXGroup;
			children = (
				953A64EB2B6EDFA000651684 /* MentalHealth */,
				954A493B2D9F647F00AEF6F8 /* MentalHealthTest */,
				95CF0A202DF1DB200092650C /* MentalHealthTest.xctestplan */,
				954A4A412DAB9E9D00AEF6F8 /* Frameworks */,
				953A64EA2B6EDFA000651684 /* Products */,
			);
			sourceTree = "<group>";
		};
		953A64EA2B6EDFA000651684 /* Products */ = {
			isa = PBXGroup;
			children = (
				953A64E92B6EDFA000651684 /* MentalHealth.app */,
				95B162032C65D14900A1B4A6 /* MentalHealthResources.bundle */,
				954A493A2D9F647F00AEF6F8 /* MentalHealthTest.xctest */,
			);
			name = Products;
			sourceTree = "<group>";
		};
		953A64EB2B6EDFA000651684 /* MentalHealth */ = {
			isa = PBXGroup;
			children = (
				955D0D472BF96FB5007629C9 /* MentalHealth.entitlements */,
				954A42942D87F50500AEF6F8 /* DesignLibrary */,
				954A42C72D87F51700AEF6F8 /* Platform */,
				954A427B2D87F4FF00AEF6F8 /* Extension */,
				954A42DA2D87F52F00AEF6F8 /* Modules */,
				954A425D2D87F48F00AEF6F8 /* Assets */,
				954A42652D87F49B00AEF6F8 /* StoryBoards */,
				954A424B2D87F47B00AEF6F8 /* Common */,
				953A64FA2B6EDFA200651684 /* Info.plist */,
				95B161ED2C40DA0900A1B4A6 /* GoogleService-Info.plist */,
				954A42482D87F47700AEF6F8 /* InfoPlists */,
			);
			path = MentalHealth;
			sourceTree = "<group>";
		};
		954A4A412DAB9E9D00AEF6F8 /* Frameworks */ = {
			isa = PBXGroup;
			children = (
				954A4A422DAB9E9E00AEF6F8 /* Security.framework */,
			);
			name = Frameworks;
			sourceTree = "<group>";
		};
/* End PBXGroup section */

/* Begin PBXNativeTarget section */
		953A64E82B6EDFA000651684 /* MentalHealth */ = {
			isa = PBXNativeTarget;
			buildConfigurationList = 953A64FD2B6EDFA200651684 /* Build configuration list for PBXNativeTarget "MentalHealth" */;
			buildPhases = (
				953A64E52B6EDFA000651684 /* Sources */,
				953A64E62B6EDFA000651684 /* Frameworks */,
				670087A92BDF6360000EB39C /* Resources */,
			);
			buildRules = (
			);
			dependencies = (
				95B162092C65D18900A1B4A6 /* PBXTargetDependency */,
			);
			fileSystemSynchronizedGroups = (
				954A424B2D87F47B00AEF6F8 /* Common */,
				954A425D2D87F48F00AEF6F8 /* Assets */,
				954A42652D87F49B00AEF6F8 /* StoryBoards */,
				954A427B2D87F4FF00AEF6F8 /* Extension */,
				954A42942D87F50500AEF6F8 /* DesignLibrary */,
				954A42C72D87F51700AEF6F8 /* Platform */,
				954A42DA2D87F52F00AEF6F8 /* Modules */,
			);
			name = MentalHealth;
			packageProductDependencies = (
				95B1CEF42B6F97DB00101423 /* IQKeyboardManagerSwift */,
				95B1CEFC2B6FD87600101423 /* FirebaseAuth */,
				95B1CEFE2B6FD87600101423 /* FirebaseDatabase */,
				95B1CF002B6FD87600101423 /* FirebaseFirestore */,
				95B1CF022B6FD87700101423 /* FirebaseStorage */,
				95D293A62BCE347100017E03 /* SwiftEntryKit */,
				9514279C2D4CBF5B00671F2C /* DGCharts */,
				95CF04C92DB8B7520092650C /* FirebaseAnalytics */,
				95CF06E72DDAEB850092650C /* Lottie */,
			);
			productName = MentalHealth;
			productReference = 953A64E92B6EDFA000651684 /* MentalHealth.app */;
			productType = "com.apple.product-type.application";
		};
		954A49392D9F647F00AEF6F8 /* MentalHealthTest */ = {
			isa = PBXNativeTarget;
			buildConfigurationList = 954A49402D9F647F00AEF6F8 /* Build configuration list for PBXNativeTarget "MentalHealthTest" */;
			buildPhases = (
				954A49362D9F647F00AEF6F8 /* Sources */,
				954A49372D9F647F00AEF6F8 /* Frameworks */,
				954A49382D9F647F00AEF6F8 /* Resources */,
			);
			buildRules = (
			);
			dependencies = (
				953B292E2E8B9B8A00170733 /* PBXTargetDependency */,
			);
			fileSystemSynchronizedGroups = (
				954A493B2D9F647F00AEF6F8 /* MentalHealthTest */,
			);
			name = MentalHealthTest;
			packageProductDependencies = (
				95CF0A1E2DF1DAC20092650C /* FirebaseAuth */,
			);
			productName = MentalHealthTest;
			productReference = 954A493A2D9F647F00AEF6F8 /* MentalHealthTest.xctest */;
			productType = "com.apple.product-type.bundle.unit-test";
		};
		95B162022C65D14900A1B4A6 /* MentalHealthResources */ = {
			isa = PBXNativeTarget;
			buildConfigurationList = 95B162042C65D14900A1B4A6 /* Build configuration list for PBXNativeTarget "MentalHealthResources" */;
			buildPhases = (
				95B161FF2C65D14900A1B4A6 /* Sources */,
				95B162002C65D14900A1B4A6 /* Frameworks */,
				95B162012C65D14900A1B4A6 /* Resources */,
			);
			buildRules = (
			);
			dependencies = (
			);
			name = MentalHealthResources;
			productName = MentalHealthBundle;
			productReference = 95B162032C65D14900A1B4A6 /* MentalHealthResources.bundle */;
			productType = "com.apple.product-type.bundle";
		};
/* End PBXNativeTarget section */

/* Begin PBXProject section */
		953A64E12B6EDFA000651684 /* Project object */ = {
			isa = PBXProject;
			attributes = {
				BuildIndependentTargetsInParallel = 1;
				KnownAssetTags = (
					1,
				);
				LastSwiftUpdateCheck = 1620;
				LastUpgradeCheck = 1630;
				TargetAttributes = {
					953A64E82B6EDFA000651684 = {
						CreatedOnToolsVersion = 14.3.1;
					};
					954A49392D9F647F00AEF6F8 = {
						CreatedOnToolsVersion = 16.2;
					};
					95B162022C65D14900A1B4A6 = {
						CreatedOnToolsVersion = 15.3;
					};
				};
			};
			buildConfigurationList = 953A64E42B6EDFA000651684 /* Build configuration list for PBXProject "MentalHealth" */;
			developmentRegion = en;
			hasScannedForEncodings = 0;
			knownRegions = (
				en,
				Base,
				ko,
			);
			mainGroup = 953A64E02B6EDFA000651684;
			packageReferences = (
				95B1CEF32B6F97DB00101423 /* XCRemoteSwiftPackageReference "IQKeyboardManager" */,
				95B1CEF92B6FD87600101423 /* XCRemoteSwiftPackageReference "firebase-ios-sdk" */,
				95D293A52BCE347100017E03 /* XCRemoteSwiftPackageReference "SwiftEntryKit" */,
				9514279B2D4CBF5B00671F2C /* XCRemoteSwiftPackageReference "Charts" */,
				95CF06E62DDAEB850092650C /* XCRemoteSwiftPackageReference "lottie-ios" */,
			);
			preferredProjectObjectVersion = 56;
			productRefGroup = 953A64EA2B6EDFA000651684 /* Products */;
			projectDirPath = "";
			projectRoot = "";
			targets = (
				953A64E82B6EDFA000651684 /* MentalHealth */,
				95B162022C65D14900A1B4A6 /* MentalHealthResources */,
				954A49392D9F647F00AEF6F8 /* MentalHealthTest */,
			);
		};
/* End PBXProject section */

/* Begin PBXResourcesBuildPhase section */
		670087A92BDF6360000EB39C /* Resources */ = {
			isa = PBXResourcesBuildPhase;
			buildActionMask = 2147483647;
			files = (
				95B1620C2C65D2AF00A1B4A6 /* MentalHealthResources.bundle in Resources */,
				95B161EE2C40DA0900A1B4A6 /* GoogleService-Info.plist in Resources */,
			);
			runOnlyForDeploymentPostprocessing = 0;
		};
		954A49382D9F647F00AEF6F8 /* Resources */ = {
			isa = PBXResourcesBuildPhase;
			buildActionMask = 2147483647;
			files = (
			);
			runOnlyForDeploymentPostprocessing = 0;
		};
		95B162012C65D14900A1B4A6 /* Resources */ = {
			isa = PBXResourcesBuildPhase;
			buildActionMask = 2147483647;
			files = (
			);
			runOnlyForDeploymentPostprocessing = 0;
		};
/* End PBXResourcesBuildPhase section */

/* Begin PBXSourcesBuildPhase section */
		953A64E52B6EDFA000651684 /* Sources */ = {
			isa = PBXSourcesBuildPhase;
			buildActionMask = 2147483647;
			files = (
			);
			runOnlyForDeploymentPostprocessing = 0;
		};
		954A49362D9F647F00AEF6F8 /* Sources */ = {
			isa = PBXSourcesBuildPhase;
			buildActionMask = 2147483647;
			files = (
			);
			runOnlyForDeploymentPostprocessing = 0;
		};
		95B161FF2C65D14900A1B4A6 /* Sources */ = {
			isa = PBXSourcesBuildPhase;
			buildActionMask = 2147483647;
			files = (
			);
			runOnlyForDeploymentPostprocessing = 0;
		};
/* End PBXSourcesBuildPhase section */

/* Begin PBXTargetDependency section */
		953B292E2E8B9B8A00170733 /* PBXTargetDependency */ = {
			isa = PBXTargetDependency;
			target = 953A64E82B6EDFA000651684 /* MentalHealth */;
			targetProxy = 953B292D2E8B9B8A00170733 /* PBXContainerItemProxy */;
		};
		95B162092C65D18900A1B4A6 /* PBXTargetDependency */ = {
			isa = PBXTargetDependency;
			platformFilter = ios;
			target = 95B162022C65D14900A1B4A6 /* MentalHealthResources */;
			targetProxy = 95B162082C65D18900A1B4A6 /* PBXContainerItemProxy */;
		};
/* End PBXTargetDependency section */

/* Begin XCBuildConfiguration section */
		953A64FB2B6EDFA200651684 /* Debug */ = {
			isa = XCBuildConfiguration;
			buildSettings = {
				ALWAYS_SEARCH_USER_PATHS = NO;
				ASSETCATALOG_COMPILER_GENERATE_SWIFT_ASSET_SYMBOL_EXTENSIONS = YES;
				CLANG_ANALYZER_LOCALIZABILITY_NONLOCALIZED = YES;
				CLANG_ANALYZER_NONNULL = YES;
				CLANG_ANALYZER_NUMBER_OBJECT_CONVERSION = YES_AGGRESSIVE;
				CLANG_CXX_LANGUAGE_STANDARD = "gnu++20";
				CLANG_ENABLE_MODULES = YES;
				CLANG_ENABLE_OBJC_ARC = YES;
				CLANG_ENABLE_OBJC_WEAK = YES;
				CLANG_WARN_BLOCK_CAPTURE_AUTORELEASING = YES;
				CLANG_WARN_BOOL_CONVERSION = YES;
				CLANG_WARN_COMMA = YES;
				CLANG_WARN_CONSTANT_CONVERSION = YES;
				CLANG_WARN_DEPRECATED_OBJC_IMPLEMENTATIONS = YES;
				CLANG_WARN_DIRECT_OBJC_ISA_USAGE = YES_ERROR;
				CLANG_WARN_DOCUMENTATION_COMMENTS = YES;
				CLANG_WARN_EMPTY_BODY = YES;
				CLANG_WARN_ENUM_CONVERSION = YES;
				CLANG_WARN_INFINITE_RECURSION = YES;
				CLANG_WARN_INT_CONVERSION = YES;
				CLANG_WARN_NON_LITERAL_NULL_CONVERSION = YES;
				CLANG_WARN_OBJC_IMPLICIT_RETAIN_SELF = YES;
				CLANG_WARN_OBJC_LITERAL_CONVERSION = YES;
				CLANG_WARN_OBJC_ROOT_CLASS = YES_ERROR;
				CLANG_WARN_QUOTED_INCLUDE_IN_FRAMEWORK_HEADER = YES;
				CLANG_WARN_RANGE_LOOP_ANALYSIS = YES;
				CLANG_WARN_STRICT_PROTOTYPES = YES;
				CLANG_WARN_SUSPICIOUS_MOVE = YES;
				CLANG_WARN_UNGUARDED_AVAILABILITY = YES_AGGRESSIVE;
				CLANG_WARN_UNREACHABLE_CODE = YES;
				CLANG_WARN__DUPLICATE_METHOD_MATCH = YES;
				COPY_PHASE_STRIP = NO;
				DEBUG_INFORMATION_FORMAT = dwarf;
				DEVELOPMENT_TEAM = M5Z7JPLW6N;
				ENABLE_STRICT_OBJC_MSGSEND = YES;
				ENABLE_TESTABILITY = YES;
				ENABLE_USER_SCRIPT_SANDBOXING = YES;
				GCC_C_LANGUAGE_STANDARD = gnu11;
				GCC_DYNAMIC_NO_PIC = NO;
				GCC_NO_COMMON_BLOCKS = YES;
				GCC_OPTIMIZATION_LEVEL = 0;
				GCC_PREPROCESSOR_DEFINITIONS = (
					"DEBUG=1",
					"$(inherited)",
				);
				GCC_WARN_64_TO_32_BIT_CONVERSION = YES;
				GCC_WARN_ABOUT_RETURN_TYPE = YES_ERROR;
				GCC_WARN_UNDECLARED_SELECTOR = YES;
				GCC_WARN_UNINITIALIZED_AUTOS = YES_AGGRESSIVE;
				GCC_WARN_UNUSED_FUNCTION = YES;
				GCC_WARN_UNUSED_VARIABLE = YES;
				IPHONEOS_DEPLOYMENT_TARGET = 15.0;
				MTL_ENABLE_DEBUG_INFO = INCLUDE_SOURCE;
				MTL_FAST_MATH = YES;
				ONLY_ACTIVE_ARCH = YES;
				SDKROOT = iphoneos;
				SWIFT_ACTIVE_COMPILATION_CONDITIONS = DEBUG;
				SWIFT_OPTIMIZATION_LEVEL = "-Onone";
			};
			name = Debug;
		};
		953A64FC2B6EDFA200651684 /* Release */ = {
			isa = XCBuildConfiguration;
			buildSettings = {
				ALWAYS_SEARCH_USER_PATHS = NO;
				ASSETCATALOG_COMPILER_GENERATE_SWIFT_ASSET_SYMBOL_EXTENSIONS = YES;
				CLANG_ANALYZER_LOCALIZABILITY_NONLOCALIZED = YES;
				CLANG_ANALYZER_NONNULL = YES;
				CLANG_ANALYZER_NUMBER_OBJECT_CONVERSION = YES_AGGRESSIVE;
				CLANG_CXX_LANGUAGE_STANDARD = "gnu++20";
				CLANG_ENABLE_MODULES = YES;
				CLANG_ENABLE_OBJC_ARC = YES;
				CLANG_ENABLE_OBJC_WEAK = YES;
				CLANG_WARN_BLOCK_CAPTURE_AUTORELEASING = YES;
				CLANG_WARN_BOOL_CONVERSION = YES;
				CLANG_WARN_COMMA = YES;
				CLANG_WARN_CONSTANT_CONVERSION = YES;
				CLANG_WARN_DEPRECATED_OBJC_IMPLEMENTATIONS = YES;
				CLANG_WARN_DIRECT_OBJC_ISA_USAGE = YES_ERROR;
				CLANG_WARN_DOCUMENTATION_COMMENTS = YES;
				CLANG_WARN_EMPTY_BODY = YES;
				CLANG_WARN_ENUM_CONVERSION = YES;
				CLANG_WARN_INFINITE_RECURSION = YES;
				CLANG_WARN_INT_CONVERSION = YES;
				CLANG_WARN_NON_LITERAL_NULL_CONVERSION = YES;
				CLANG_WARN_OBJC_IMPLICIT_RETAIN_SELF = YES;
				CLANG_WARN_OBJC_LITERAL_CONVERSION = YES;
				CLANG_WARN_OBJC_ROOT_CLASS = YES_ERROR;
				CLANG_WARN_QUOTED_INCLUDE_IN_FRAMEWORK_HEADER = YES;
				CLANG_WARN_RANGE_LOOP_ANALYSIS = YES;
				CLANG_WARN_STRICT_PROTOTYPES = YES;
				CLANG_WARN_SUSPICIOUS_MOVE = YES;
				CLANG_WARN_UNGUARDED_AVAILABILITY = YES_AGGRESSIVE;
				CLANG_WARN_UNREACHABLE_CODE = YES;
				CLANG_WARN__DUPLICATE_METHOD_MATCH = YES;
				COPY_PHASE_STRIP = NO;
				DEBUG_INFORMATION_FORMAT = "dwarf-with-dsym";
				DEVELOPMENT_TEAM = M5Z7JPLW6N;
				ENABLE_NS_ASSERTIONS = NO;
				ENABLE_STRICT_OBJC_MSGSEND = YES;
				ENABLE_USER_SCRIPT_SANDBOXING = YES;
				GCC_C_LANGUAGE_STANDARD = gnu11;
				GCC_NO_COMMON_BLOCKS = YES;
				GCC_WARN_64_TO_32_BIT_CONVERSION = YES;
				GCC_WARN_ABOUT_RETURN_TYPE = YES_ERROR;
				GCC_WARN_UNDECLARED_SELECTOR = YES;
				GCC_WARN_UNINITIALIZED_AUTOS = YES_AGGRESSIVE;
				GCC_WARN_UNUSED_FUNCTION = YES;
				GCC_WARN_UNUSED_VARIABLE = YES;
				IPHONEOS_DEPLOYMENT_TARGET = 15.0;
				MTL_ENABLE_DEBUG_INFO = NO;
				MTL_FAST_MATH = YES;
				SDKROOT = iphoneos;
				SWIFT_COMPILATION_MODE = wholemodule;
				SWIFT_OPTIMIZATION_LEVEL = "-O";
				VALIDATE_PRODUCT = YES;
			};
			name = Release;
		};
		953A64FE2B6EDFA200651684 /* Debug */ = {
			isa = XCBuildConfiguration;
			buildSettings = {
				ASSETCATALOG_COMPILER_APPICON_NAME = AppIcon;
				ASSETCATALOG_COMPILER_GLOBAL_ACCENT_COLOR_NAME = AccentColor;
				ASSETCATALOG_COMPILER_INCLUDE_ALL_APPICON_ASSETS = NO;
				CODE_SIGN_ENTITLEMENTS = MentalHealth/MentalHealth.entitlements;
				CODE_SIGN_IDENTITY = "Apple Development";
				CODE_SIGN_STYLE = Automatic;
				CURRENT_PROJECT_VERSION = 5;
				DEVELOPMENT_ASSET_PATHS = MentalHealth/Assets/Assets.xcassets;
				GENERATE_INFOPLIST_FILE = YES;
				INFOPLIST_FILE = "$(SRCROOT)/MentalHealth/Info.plist";
				INFOPLIST_KEY_CFBundleDisplayName = SoliU;
				INFOPLIST_KEY_LSApplicationCategoryType = "public.app-category.healthcare-fitness";
				INFOPLIST_KEY_NSHealthShareUsageDescription = "Steps needs your permission to access your Health Data";
				INFOPLIST_KEY_NSHealthUpdateUsageDescription = "Steps needs your permission to update and access your Health Data";
				INFOPLIST_KEY_UIApplicationSupportsIndirectInputEvents = YES;
				INFOPLIST_KEY_UILaunchStoryboardName = LaunchScreen.storyboard;
				INFOPLIST_KEY_UIMainStoryboardFile = Main;
				INFOPLIST_KEY_UIStatusBarStyle = "";
				INFOPLIST_KEY_UISupportedInterfaceOrientations = UIInterfaceOrientationPortrait;
				INFOPLIST_KEY_UIUserInterfaceStyle = Light;
				IPHONEOS_DEPLOYMENT_TARGET = 15.6;
				LD_RUNPATH_SEARCH_PATHS = (
					"$(inherited)",
					"@executable_path/Frameworks",
				);
				MARKETING_VERSION = 1.0.1;
				PRODUCT_BUNDLE_IDENTIFIER = com.soliu.MentalHealth;
				PRODUCT_NAME = "$(TARGET_NAME)";
				PROVISIONING_PROFILE_SPECIFIER = "";
				SUPPORTED_PLATFORMS = "iphoneos iphonesimulator";
				SUPPORTS_MACCATALYST = NO;
				SUPPORTS_MAC_DESIGNED_FOR_IPHONE_IPAD = NO;
				SUPPORTS_XR_DESIGNED_FOR_IPHONE_IPAD = NO;
				SWIFT_EMIT_LOC_STRINGS = YES;
				SWIFT_VERSION = 5.0;
				TARGETED_DEVICE_FAMILY = 1;
			};
			name = Debug;
		};
		953A64FF2B6EDFA200651684 /* Release */ = {
			isa = XCBuildConfiguration;
			buildSettings = {
				ASSETCATALOG_COMPILER_APPICON_NAME = AppIcon;
				ASSETCATALOG_COMPILER_GLOBAL_ACCENT_COLOR_NAME = AccentColor;
				ASSETCATALOG_COMPILER_INCLUDE_ALL_APPICON_ASSETS = NO;
				CODE_SIGN_ENTITLEMENTS = MentalHealth/MentalHealth.entitlements;
				CODE_SIGN_IDENTITY = "Apple Development";
				CODE_SIGN_STYLE = Automatic;
				CURRENT_PROJECT_VERSION = 5;
				DEVELOPMENT_ASSET_PATHS = MentalHealth/Assets/Assets.xcassets;
				GENERATE_INFOPLIST_FILE = YES;
				INFOPLIST_FILE = "$(SRCROOT)/MentalHealth/Info.plist";
				INFOPLIST_KEY_CFBundleDisplayName = SoliU;
				INFOPLIST_KEY_LSApplicationCategoryType = "public.app-category.healthcare-fitness";
				INFOPLIST_KEY_NSHealthShareUsageDescription = "Steps needs your permission to access your Health Data";
				INFOPLIST_KEY_NSHealthUpdateUsageDescription = "Steps needs your permission to update and access your Health Data";
				INFOPLIST_KEY_UIApplicationSupportsIndirectInputEvents = YES;
				INFOPLIST_KEY_UILaunchStoryboardName = LaunchScreen.storyboard;
				INFOPLIST_KEY_UIMainStoryboardFile = Main;
				INFOPLIST_KEY_UIStatusBarStyle = "";
				INFOPLIST_KEY_UISupportedInterfaceOrientations = UIInterfaceOrientationPortrait;
				INFOPLIST_KEY_UIUserInterfaceStyle = Light;
				IPHONEOS_DEPLOYMENT_TARGET = 15.6;
				LD_RUNPATH_SEARCH_PATHS = (
					"$(inherited)",
					"@executable_path/Frameworks",
				);
				MARKETING_VERSION = 1.0.1;
				PRODUCT_BUNDLE_IDENTIFIER = com.soliu.MentalHealth;
				PRODUCT_NAME = "$(TARGET_NAME)";
				PROVISIONING_PROFILE_SPECIFIER = "";
				SUPPORTED_PLATFORMS = "iphoneos iphonesimulator";
				SUPPORTS_MACCATALYST = NO;
				SUPPORTS_MAC_DESIGNED_FOR_IPHONE_IPAD = NO;
				SUPPORTS_XR_DESIGNED_FOR_IPHONE_IPAD = NO;
				SWIFT_EMIT_LOC_STRINGS = YES;
				SWIFT_VERSION = 5.0;
				TARGETED_DEVICE_FAMILY = 1;
			};
			name = Release;
		};
		954A493E2D9F647F00AEF6F8 /* Debug */ = {
			isa = XCBuildConfiguration;
			buildSettings = {
				CODE_SIGN_STYLE = Automatic;
				CURRENT_PROJECT_VERSION = 1;
				DEFINES_MODULE = YES;
				GCC_C_LANGUAGE_STANDARD = gnu17;
				GENERATE_INFOPLIST_FILE = YES;
				IPHONEOS_DEPLOYMENT_TARGET = 15.6;
				LOCALIZATION_PREFERS_STRING_CATALOGS = YES;
				MARKETING_VERSION = 1.0;
				PRODUCT_BUNDLE_IDENTIFIER = "com.dennis-hong.MentalHealthTest";
				PRODUCT_NAME = "$(TARGET_NAME)";
				SDKROOT = iphoneos;
				SUPPORTED_PLATFORMS = "iphoneos iphonesimulator";
				SUPPORTS_MACCATALYST = NO;
				SUPPORTS_MAC_DESIGNED_FOR_IPHONE_IPAD = NO;
				SUPPORTS_XR_DESIGNED_FOR_IPHONE_IPAD = NO;
				SWIFT_ACTIVE_COMPILATION_CONDITIONS = "DEBUG $(inherited)";
				SWIFT_EMIT_LOC_STRINGS = NO;
				SWIFT_VERSION = 5.0;
				TARGETED_DEVICE_FAMILY = 1;
				WATCHOS_DEPLOYMENT_TARGET = 11.2;
			};
			name = Debug;
		};
		954A493F2D9F647F00AEF6F8 /* Release */ = {
			isa = XCBuildConfiguration;
			buildSettings = {
				CODE_SIGN_STYLE = Automatic;
				CURRENT_PROJECT_VERSION = 1;
				DEFINES_MODULE = YES;
				GCC_C_LANGUAGE_STANDARD = gnu17;
				GENERATE_INFOPLIST_FILE = YES;
				IPHONEOS_DEPLOYMENT_TARGET = 15.6;
				LOCALIZATION_PREFERS_STRING_CATALOGS = YES;
				MARKETING_VERSION = 1.0;
				PRODUCT_BUNDLE_IDENTIFIER = "com.dennis-hong.MentalHealthTest";
				PRODUCT_NAME = "$(TARGET_NAME)";
				SDKROOT = iphoneos;
				SUPPORTED_PLATFORMS = "iphoneos iphonesimulator";
				SUPPORTS_MACCATALYST = NO;
				SUPPORTS_MAC_DESIGNED_FOR_IPHONE_IPAD = NO;
				SUPPORTS_XR_DESIGNED_FOR_IPHONE_IPAD = NO;
				SWIFT_EMIT_LOC_STRINGS = NO;
				SWIFT_VERSION = 5.0;
				TARGETED_DEVICE_FAMILY = 1;
				WATCHOS_DEPLOYMENT_TARGET = 11.2;
			};
			name = Release;
		};
		95B162052C65D14900A1B4A6 /* Debug */ = {
			isa = XCBuildConfiguration;
			buildSettings = {
				ASSETCATALOG_COMPILER_GENERATE_SWIFT_ASSET_SYMBOL_EXTENSIONS = YES;
				"CODE_SIGN_IDENTITY[sdk=macosx*]" = "Apple Development";
				CODE_SIGN_STYLE = Automatic;
				COMBINE_HIDPI_IMAGES = YES;
				CURRENT_PROJECT_VERSION = 1;
				GCC_C_LANGUAGE_STANDARD = gnu17;
				INFOPLIST_FILE = "$(SRCROOT)/MentalHealth/InfoPlists/MentalHealthResources.plist";
				INSTALL_PATH = "$(LOCAL_LIBRARY_DIR)/Bundles";
				IPHONEOS_DEPLOYMENT_TARGET = 15.6;
				LOCALIZATION_PREFERS_STRING_CATALOGS = YES;
				MACOSX_DEPLOYMENT_TARGET = 14.4;
				MARKETING_VERSION = 1.0;
				PRODUCT_BUNDLE_IDENTIFIER = com.soliu.MentalHealth;
				PRODUCT_NAME = "$(TARGET_NAME)";
				SDKROOT = iphoneos;
				SKIP_INSTALL = YES;
				SUPPORTED_PLATFORMS = "iphoneos iphonesimulator";
				SUPPORTS_MACCATALYST = NO;
				SUPPORTS_MAC_DESIGNED_FOR_IPHONE_IPAD = NO;
				SUPPORTS_XR_DESIGNED_FOR_IPHONE_IPAD = NO;
				SWIFT_EMIT_LOC_STRINGS = YES;
				TARGETED_DEVICE_FAMILY = 1;
				WRAPPER_EXTENSION = bundle;
			};
			name = Debug;
		};
		95B162062C65D14900A1B4A6 /* Release */ = {
			isa = XCBuildConfiguration;
			buildSettings = {
				ASSETCATALOG_COMPILER_GENERATE_SWIFT_ASSET_SYMBOL_EXTENSIONS = YES;
				"CODE_SIGN_IDENTITY[sdk=macosx*]" = "Apple Development";
				CODE_SIGN_STYLE = Automatic;
				COMBINE_HIDPI_IMAGES = YES;
				CURRENT_PROJECT_VERSION = 1;
				GCC_C_LANGUAGE_STANDARD = gnu17;
				INFOPLIST_FILE = "$(SRCROOT)/MentalHealth/InfoPlists/MentalHealthResources.plist";
				INSTALL_PATH = "$(LOCAL_LIBRARY_DIR)/Bundles";
				IPHONEOS_DEPLOYMENT_TARGET = 15.6;
				LOCALIZATION_PREFERS_STRING_CATALOGS = YES;
				MACOSX_DEPLOYMENT_TARGET = 14.4;
				MARKETING_VERSION = 1.0;
				PRODUCT_BUNDLE_IDENTIFIER = com.soliu.MentalHealth;
				PRODUCT_NAME = "$(TARGET_NAME)";
				SDKROOT = iphoneos;
				SKIP_INSTALL = YES;
				SUPPORTED_PLATFORMS = "iphoneos iphonesimulator";
				SUPPORTS_MACCATALYST = NO;
				SUPPORTS_MAC_DESIGNED_FOR_IPHONE_IPAD = NO;
				SUPPORTS_XR_DESIGNED_FOR_IPHONE_IPAD = NO;
				SWIFT_EMIT_LOC_STRINGS = YES;
				TARGETED_DEVICE_FAMILY = 1;
				WRAPPER_EXTENSION = bundle;
			};
			name = Release;
		};
/* End XCBuildConfiguration section */

/* Begin XCConfigurationList section */
		953A64E42B6EDFA000651684 /* Build configuration list for PBXProject "MentalHealth" */ = {
			isa = XCConfigurationList;
			buildConfigurations = (
				953A64FB2B6EDFA200651684 /* Debug */,
				953A64FC2B6EDFA200651684 /* Release */,
			);
			defaultConfigurationIsVisible = 0;
			defaultConfigurationName = Release;
		};
		953A64FD2B6EDFA200651684 /* Build configuration list for PBXNativeTarget "MentalHealth" */ = {
			isa = XCConfigurationList;
			buildConfigurations = (
				953A64FE2B6EDFA200651684 /* Debug */,
				953A64FF2B6EDFA200651684 /* Release */,
			);
			defaultConfigurationIsVisible = 0;
			defaultConfigurationName = Release;
		};
		954A49402D9F647F00AEF6F8 /* Build configuration list for PBXNativeTarget "MentalHealthTest" */ = {
			isa = XCConfigurationList;
			buildConfigurations = (
				954A493E2D9F647F00AEF6F8 /* Debug */,
				954A493F2D9F647F00AEF6F8 /* Release */,
			);
			defaultConfigurationIsVisible = 0;
			defaultConfigurationName = Release;
		};
		95B162042C65D14900A1B4A6 /* Build configuration list for PBXNativeTarget "MentalHealthResources" */ = {
			isa = XCConfigurationList;
			buildConfigurations = (
				95B162052C65D14900A1B4A6 /* Debug */,
				95B162062C65D14900A1B4A6 /* Release */,
			);
			defaultConfigurationIsVisible = 0;
			defaultConfigurationName = Release;
		};
/* End XCConfigurationList section */

/* Begin XCRemoteSwiftPackageReference section */
		9514279B2D4CBF5B00671F2C /* XCRemoteSwiftPackageReference "Charts" */ = {
			isa = XCRemoteSwiftPackageReference;
			repositoryURL = "https://github.com/jphong1111/Charts.git";
			requirement = {
				kind = exactVersion;
				version = 2.0.0;
			};
		};
		95B1CEF32B6F97DB00101423 /* XCRemoteSwiftPackageReference "IQKeyboardManager" */ = {
			isa = XCRemoteSwiftPackageReference;
			repositoryURL = "https://github.com/hackiftekhar/IQKeyboardManager.git";
			requirement = {
				kind = exactVersion;
				version = 7.0.0;
			};
		};
		95B1CEF92B6FD87600101423 /* XCRemoteSwiftPackageReference "firebase-ios-sdk" */ = {
			isa = XCRemoteSwiftPackageReference;
			repositoryURL = "https://github.com/firebase/firebase-ios-sdk";
			requirement = {
				kind = upToNextMajorVersion;
				minimumVersion = 11.0.0;
			};
		};
		95CF06E62DDAEB850092650C /* XCRemoteSwiftPackageReference "lottie-ios" */ = {
			isa = XCRemoteSwiftPackageReference;
			repositoryURL = "https://github.com/airbnb/lottie-ios.git";
			requirement = {
				kind = upToNextMajorVersion;
				minimumVersion = 4.5.1;
			};
		};
		95D293A52BCE347100017E03 /* XCRemoteSwiftPackageReference "SwiftEntryKit" */ = {
			isa = XCRemoteSwiftPackageReference;
			repositoryURL = "https://github.com/huri000/SwiftEntryKit";
			requirement = {
				kind = exactVersion;
				version = 2.0.0;
			};
		};
/* End XCRemoteSwiftPackageReference section */

/* Begin XCSwiftPackageProductDependency section */
		9514279C2D4CBF5B00671F2C /* DGCharts */ = {
			isa = XCSwiftPackageProductDependency;
			package = 9514279B2D4CBF5B00671F2C /* XCRemoteSwiftPackageReference "Charts" */;
			productName = DGCharts;
		};
		95B1CEF42B6F97DB00101423 /* IQKeyboardManagerSwift */ = {
			isa = XCSwiftPackageProductDependency;
			package = 95B1CEF32B6F97DB00101423 /* XCRemoteSwiftPackageReference "IQKeyboardManager" */;
			productName = IQKeyboardManagerSwift;
		};
		95B1CEFC2B6FD87600101423 /* FirebaseAuth */ = {
			isa = XCSwiftPackageProductDependency;
			package = 95B1CEF92B6FD87600101423 /* XCRemoteSwiftPackageReference "firebase-ios-sdk" */;
			productName = FirebaseAuth;
		};
		95B1CEFE2B6FD87600101423 /* FirebaseDatabase */ = {
			isa = XCSwiftPackageProductDependency;
			package = 95B1CEF92B6FD87600101423 /* XCRemoteSwiftPackageReference "firebase-ios-sdk" */;
			productName = FirebaseDatabase;
		};
		95B1CF002B6FD87600101423 /* FirebaseFirestore */ = {
			isa = XCSwiftPackageProductDependency;
			package = 95B1CEF92B6FD87600101423 /* XCRemoteSwiftPackageReference "firebase-ios-sdk" */;
			productName = FirebaseFirestore;
		};
		95B1CF022B6FD87700101423 /* FirebaseStorage */ = {
			isa = XCSwiftPackageProductDependency;
			package = 95B1CEF92B6FD87600101423 /* XCRemoteSwiftPackageReference "firebase-ios-sdk" */;
			productName = FirebaseStorage;
		};
		95CF04C92DB8B7520092650C /* FirebaseAnalytics */ = {
			isa = XCSwiftPackageProductDependency;
			package = 95B1CEF92B6FD87600101423 /* XCRemoteSwiftPackageReference "firebase-ios-sdk" */;
			productName = FirebaseAnalytics;
		};
		95CF06E72DDAEB850092650C /* Lottie */ = {
			isa = XCSwiftPackageProductDependency;
			package = 95CF06E62DDAEB850092650C /* XCRemoteSwiftPackageReference "lottie-ios" */;
			productName = Lottie;
		};
		95CF0A1E2DF1DAC20092650C /* FirebaseAuth */ = {
			isa = XCSwiftPackageProductDependency;
			package = 95B1CEF92B6FD87600101423 /* XCRemoteSwiftPackageReference "firebase-ios-sdk" */;
			productName = FirebaseAuth;
		};
		95D293A62BCE347100017E03 /* SwiftEntryKit */ = {
			isa = XCSwiftPackageProductDependency;
			package = 95D293A52BCE347100017E03 /* XCRemoteSwiftPackageReference "SwiftEntryKit" */;
			productName = SwiftEntryKit;
		};
/* End XCSwiftPackageProductDependency section */
	};
	rootObject = 953A64E12B6EDFA000651684 /* Project object */;
}
